
Microsoft Visual Studio Solution File, Format Version 12.00
# Visual Studio Version 17
VisualStudioVersion = 17.8.34330.188
MinimumVisualStudioVersion = 10.0.40219.1
Project("{FAE04EC0-301F-11D3-BF4B-00C04F79EFBC}") = "Advising System Web app", "Advising System Web app\Advising System Web app.csproj", "{32FBD748-31DC-4FEE-9D7A-70CB0E5AF94C}"
EndProject
Global
	GlobalSection(SolutionConfigurationPlatforms) = preSolution
		Debug|Any CPU = Debug|Any CPU
		Release|Any CPU = Release|Any CPU
	EndGlobalSection
	GlobalSection(ProjectConfigurationPlatforms) = postSolution
		{32FBD748-31DC-4FEE-9D7A-70CB0E5AF94C}.Debug|Any CPU.ActiveCfg = Debug|Any CPU
		{32FBD748-31DC-4FEE-9D7A-70CB0E5AF94C}.Debug|Any CPU.Build.0 = Debug|Any CPU
		{32FBD748-31DC-4FEE-9D7A-70CB0E5AF94C}.Release|Any CPU.ActiveCfg = Release|Any CPU
		{32FBD748-31DC-4FEE-9D7A-70CB0E5AF94C}.Release|Any CPU.Build.0 = Release|Any CPU
	EndGlobalSection
	GlobalSection(SolutionProperties) = preSolution
		HideSolutionNode = FALSE
	EndGlobalSection
	GlobalSection(ExtensibilityGlobals) = postSolution
		SolutionGuid = {04814D22-454A-4475-B6A0-C8099451BF79}
	EndGlobalSection
EndGlobal
